Microsoft Visual Studio Solution File, Format Version 12.00
# Visual Studio Version 17
VisualStudioVersion = 17.5.2.0
MinimumVisualStudioVersion = 10.0.40219.1
Project("{FAE04EC0-301F-11D3-BF4B-00C04F79EFBC}") = "CSharpAlgorithms", "CSharpAlgorithms.csproj", "{D95940F0-26DE-015A-4A09-617D4CAF8B74}"
EndProject
Global
	GlobalSection(SolutionConfigurationPlatforms) = preSolution
		Debug|Any CPU = Debug|Any CPU
		Release|Any CPU = Release|Any CPU
	EndGlobalSection
	GlobalSection(ProjectConfigurationPlatforms) = postSolution
		{D95940F0-26DE-015A-4A09-617D4CAF8B74}.Debug|Any CPU.ActiveCfg = Debug|Any CPU
		{D95940F0-26DE-015A-4A09-617D4CAF8B74}.Debug|Any CPU.Build.0 = Debug|Any CPU
		{D95940F0-26DE-015A-4A09-617D4CAF8B74}.Release|Any CPU.ActiveCfg = Release|Any CPU
		{D95940F0-26DE-015A-4A09-617D4CAF8B74}.Release|Any CPU.Build.0 = Release|Any CPU
	EndGlobalSection
	GlobalSection(SolutionProperties) = preSolution
		HideSolutionNode = FALSE
	EndGlobalSection
	GlobalSection(ExtensibilityGlobals) = postSolution
		SolutionGuid = {41BA60C6-F547-4F01-839A-4D7793CC7879}
	EndGlobalSection
EndGlobal
